# generated by rye
# use `rye lock` or `rye sync` to update this lockfile
#
# last locked with the following flags:
#   pre: false
#   features: []
#   all-features: false
#   with-sources: false
#   generate-hashes: false
#   universal: false

-e file:.
aiofiles==23.2.1
    # via gradio
aiohappyeyeballs==2.4.4
    # via aiohttp
aiohttp==3.11.11
    # via langchain
    # via langchain-community
aiosignal==1.3.2
    # via aiohttp
annotated-types==0.7.0
    # via pydantic
anyio==4.8.0
    # via gradio
    # via httpx
    # via jupyter-server
    # via openai
    # via starlette
    # via watchfiles
appnope==0.1.4
    # via ipykernel
argon2-cffi==23.1.0
    # via jupyter-server
argon2-cffi-bindings==21.2.0
    # via argon2-cffi
arrow==1.3.0
    # via isoduration
asgiref==3.8.1
    # via opentelemetry-instrumentation-asgi
asttokens==3.0.0
    # via stack-data
async-lru==2.0.4
    # via jupyterlab
attrs==25.1.0
    # via aiohttp
    # via jsonschema
    # via referencing
babel==2.17.0
    # via jupyterlab-server
backoff==2.2.1
    # via posthog
bcrypt==4.2.1
    # via chromadb
beautifulsoup4==4.13.1
    # via nbconvert
betterproto==2.0.0b6
    # via sigstore-protobuf-specs
bleach==6.2.0
    # via bleach
    # via nbconvert
build==1.2.2.post1
    # via chromadb
cachetools==5.5.1
    # via google-auth
certifi==2025.1.31
    # via httpcore
    # via httpx
    # via kubernetes
    # via requests
cffi==1.17.1
    # via argon2-cffi-bindings
    # via cryptography
charset-normalizer==3.4.1
    # via requests
chroma-hnswlib==0.7.6
    # via chromadb
chromadb==0.6.3
    # via langchain-chroma
click==8.1.8
    # via typer
    # via uvicorn
coloredlogs==15.0.1
    # via onnxruntime
comm==0.2.2
    # via ipykernel
    # via ipywidgets
contourpy==1.3.1
    # via matplotlib
cryptography==44.0.0
    # via model-signing
    # via pyopenssl
    # via rfc3161-client
    # via sigstore
cycler==0.12.1
    # via matplotlib
dataclasses-json==0.6.7
    # via langchain-community
debugpy==1.8.12
    # via ipykernel
decorator==5.1.1
    # via ipython
defusedxml==0.7.1
    # via nbconvert
deprecated==1.2.18
    # via opentelemetry-api
    # via opentelemetry-exporter-otlp-proto-grpc
    # via opentelemetry-semantic-conventions
distro==1.9.0
    # via openai
dnspython==2.7.0
    # via email-validator
durationpy==0.9
    # via kubernetes
email-validator==2.2.0
    # via pydantic
executing==2.2.0
    # via stack-data
fastapi==0.115.8
    # via chromadb
    # via gradio
    # via langchain-chroma
fastjsonschema==2.21.1
    # via nbformat
ffmpy==0.5.0
    # via gradio
filelock==3.17.0
    # via huggingface-hub
    # via torch
    # via transformers
flatbuffers==25.1.24
    # via onnxruntime
fonttools==4.55.8
    # via matplotlib
fqdn==1.5.1
    # via jsonschema
frozenlist==1.5.0
    # via aiohttp
    # via aiosignal
fsspec==2025.2.0
    # via gradio-client
    # via huggingface-hub
    # via torch
google-auth==2.38.0
    # via kubernetes
googleapis-common-protos==1.66.0
    # via opentelemetry-exporter-otlp-proto-grpc
gradio==5.14.0
    # via llm-book-recommender
gradio-client==1.7.0
    # via gradio
grpcio==1.70.0
    # via chromadb
    # via opentelemetry-exporter-otlp-proto-grpc
grpclib==0.4.7
    # via betterproto
h11==0.14.0
    # via httpcore
    # via uvicorn
h2==4.2.0
    # via grpclib
hpack==4.1.0
    # via h2
httpcore==1.0.7
    # via httpx
httptools==0.6.4
    # via uvicorn
httpx==0.28.1
    # via chromadb
    # via gradio
    # via gradio-client
    # via jupyterlab
    # via langsmith
    # via openai
    # via safehttpx
httpx-sse==0.4.0
    # via langchain-community
huggingface-hub==0.28.1
    # via gradio
    # via gradio-client
    # via sentence-transformers
    # via tokenizers
    # via transformers
humanfriendly==10.0
    # via coloredlogs
hyperframe==6.1.0
    # via h2
id==1.5.0
    # via sigstore
idna==3.10
    # via anyio
    # via email-validator
    # via httpx
    # via jsonschema
    # via requests
    # via yarl
importlib-metadata==8.5.0
    # via opentelemetry-api
importlib-resources==6.5.2
    # via chromadb
in-toto-attestation==0.9.3
    # via model-signing
ipykernel==6.29.5
    # via jupyter
    # via jupyter-console
    # via jupyterlab
ipython==8.32.0
    # via ipykernel
    # via ipywidgets
    # via jupyter-console
ipywidgets==8.1.5
    # via jupyter
isoduration==20.11.0
    # via jsonschema
jedi==0.19.2
    # via ipython
jinja2==3.1.5
    # via gradio
    # via jupyter-server
    # via jupyterlab
    # via jupyterlab-server
    # via nbconvert
    # via torch
jiter==0.8.2
    # via openai
joblib==1.4.2
    # via scikit-learn
json5==0.10.0
    # via jupyterlab-server
jsonpatch==1.33
    # via langchain-core
jsonpointer==3.0.0
    # via jsonpatch
    # via jsonschema
jsonschema==4.23.0
    # via jupyter-events
    # via jupyterlab-server
    # via nbformat
jsonschema-specifications==2024.10.1
    # via jsonschema
jupyter==1.1.1
    # via llm-book-recommender
jupyter-client==8.6.3
    # via ipykernel
    # via jupyter-console
    # via jupyter-server
    # via nbclient
jupyter-console==6.6.3
    # via jupyter
jupyter-core==5.7.2
    # via ipykernel
    # via jupyter-client
    # via jupyter-console
    # via jupyter-server
    # via jupyterlab
    # via nbclient
    # via nbconvert
    # via nbformat
jupyter-events==0.12.0
    # via jupyter-server
jupyter-lsp==2.2.5
    # via jupyterlab
jupyter-server==2.15.0
    # via jupyter-lsp
    # via jupyterlab
    # via jupyterlab-server
    # via notebook
    # via notebook-shim
jupyter-server-terminals==0.5.3
    # via jupyter-server
jupyterlab==4.3.5
    # via jupyter
    # via notebook
jupyterlab-pygments==0.3.0
    # via nbconvert
jupyterlab-server==2.27.3
    # via jupyterlab
    # via notebook
jupyterlab-widgets==3.0.13
    # via ipywidgets
kagglehub==0.3.7
    # via llm-book-recommender
kiwisolver==1.4.8
    # via matplotlib
kubernetes==32.0.0
    # via chromadb
langchain==0.3.17
    # via langchain-community
langchain-chroma==0.2.1
    # via llm-book-recommender
langchain-community==0.3.16
    # via llm-book-recommender
langchain-core==0.3.34
    # via langchain
    # via langchain-chroma
    # via langchain-community
    # via langchain-openai
    # via langchain-text-splitters
langchain-openai==0.3.4
    # via llm-book-recommender
langchain-text-splitters==0.3.5
    # via langchain
langsmith==0.3.4
    # via langchain
    # via langchain-community
    # via langchain-core
markdown-it-py==3.0.0
    # via rich
markupsafe==2.1.5
    # via gradio
    # via jinja2
    # via nbconvert
marshmallow==3.26.1
    # via dataclasses-json
matplotlib==3.10.0
    # via llm-book-recommender
    # via seaborn
matplotlib-inline==0.1.7
    # via ipykernel
    # via ipython
mdurl==0.1.2
    # via markdown-it-py
mistune==3.1.1
    # via nbconvert
mmh3==5.1.0
    # via chromadb
model-signing==0.2.0
    # via kagglehub
monotonic==1.6
    # via posthog
mpmath==1.3.0
    # via sympy
multidict==6.1.0
    # via aiohttp
    # via grpclib
    # via yarl
mypy-extensions==1.0.0
    # via typing-inspect
nbclient==0.10.2
    # via nbconvert
nbconvert==7.16.6
    # via jupyter
    # via jupyter-server
nbformat==5.10.4
    # via jupyter-server
    # via nbclient
    # via nbconvert
nest-asyncio==1.6.0
    # via ipykernel
networkx==3.4.2
    # via torch
notebook==7.3.2
    # via jupyter
    # via llm-book-recommender
notebook-shim==0.2.4
    # via jupyterlab
    # via notebook
numpy==1.26.4
    # via chroma-hnswlib
    # via chromadb
    # via contourpy
    # via gradio
    # via langchain
    # via langchain-chroma
    # via langchain-community
    # via matplotlib
    # via onnxruntime
    # via pandas
    # via scikit-learn
    # via scipy
    # via seaborn
    # via transformers
oauthlib==3.2.2
    # via kubernetes
    # via requests-oauthlib
onnxruntime==1.20.1
    # via chromadb
openai==1.61.1
    # via langchain-openai
opentelemetry-api==1.29.0
    # via chromadb
    # via opentelemetry-exporter-otlp-proto-grpc
    # via opentelemetry-instrumentation
    # via opentelemetry-instrumentation-asgi
    # via opentelemetry-instrumentation-fastapi
    # via opentelemetry-sdk
    # via opentelemetry-semantic-conventions
opentelemetry-exporter-otlp-proto-common==1.29.0
    # via opentelemetry-exporter-otlp-proto-grpc
opentelemetry-exporter-otlp-proto-grpc==1.29.0
    # via chromadb
opentelemetry-instrumentation==0.50b0
    # via opentelemetry-instrumentation-asgi
    # via opentelemetry-instrumentation-fastapi
opentelemetry-instrumentation-asgi==0.50b0
    # via opentelemetry-instrumentation-fastapi
opentelemetry-instrumentation-fastapi==0.50b0
    # via chromadb
opentelemetry-proto==1.29.0
    # via opentelemetry-exporter-otlp-proto-common
    # via opentelemetry-exporter-otlp-proto-grpc
opentelemetry-sdk==1.29.0
    # via chromadb
    # via opentelemetry-exporter-otlp-proto-grpc
opentelemetry-semantic-conventions==0.50b0
    # via opentelemetry-instrumentation
    # via opentelemetry-instrumentation-asgi
    # via opentelemetry-instrumentation-fastapi
    # via opentelemetry-sdk
opentelemetry-util-http==0.50b0
    # via opentelemetry-instrumentation-asgi
    # via opentelemetry-instrumentation-fastapi
orjson==3.10.15
    # via chromadb
    # via gradio
    # via langsmith
overrides==7.7.0
    # via chromadb
    # via jupyter-server
packaging==24.2
    # via build
    # via gradio
    # via gradio-client
    # via huggingface-hub
    # via ipykernel
    # via jupyter-events
    # via jupyter-server
    # via jupyterlab
    # via jupyterlab-server
    # via kagglehub
    # via langchain-core
    # via marshmallow
    # via matplotlib
    # via nbconvert
    # via onnxruntime
    # via opentelemetry-instrumentation
    # via transformers
pandas==2.2.3
    # via gradio
    # via llm-book-recommender
    # via seaborn
pandocfilters==1.5.1
    # via nbconvert
parso==0.8.4
    # via jedi
pexpect==4.9.0
    # via ipython
pillow==11.1.0
    # via gradio
    # via matplotlib
    # via sentence-transformers
platformdirs==4.3.6
    # via jupyter-core
    # via sigstore
posthog==3.11.0
    # via chromadb
prometheus-client==0.21.1
    # via jupyter-server
prompt-toolkit==3.0.50
    # via ipython
    # via jupyter-console
propcache==0.2.1
    # via aiohttp
    # via yarl
protobuf==5.29.3
    # via googleapis-common-protos
    # via in-toto-attestation
    # via onnxruntime
    # via opentelemetry-proto
psutil==6.1.1
    # via ipykernel
ptyprocess==0.7.0
    # via pexpect
    # via terminado
pure-eval==0.2.3
    # via stack-data
pyasn1==0.6.1
    # via pyasn1-modules
    # via rsa
    # via sigstore
pyasn1-modules==0.4.1
    # via google-auth
pycparser==2.22
    # via cffi
pydantic==2.10.6
    # via chromadb
    # via fastapi
    # via gradio
    # via langchain
    # via langchain-core
    # via langsmith
    # via openai
    # via pydantic-settings
    # via sigstore
    # via sigstore-rekor-types
pydantic-core==2.27.2
    # via pydantic
pydantic-settings==2.7.1
    # via langchain-community
pydub==0.25.1
    # via gradio
pygments==2.19.1
    # via ipython
    # via jupyter-console
    # via nbconvert
    # via rich
pyjwt==2.10.1
    # via sigstore
pyopenssl==25.0.0
    # via sigstore
pyparsing==3.2.1
    # via matplotlib
pypika==0.48.9
    # via chromadb
pyproject-hooks==1.2.0
    # via build
python-dateutil==2.9.0.post0
    # via arrow
    # via betterproto
    # via jupyter-client
    # via kubernetes
    # via matplotlib
    # via pandas
    # via posthog
python-dotenv==1.0.1
    # via llm-book-recommender
    # via pydantic-settings
    # via uvicorn
python-json-logger==3.2.1
    # via jupyter-events
python-multipart==0.0.20
    # via gradio
pytz==2025.1
    # via pandas
pyyaml==6.0.2
    # via chromadb
    # via gradio
    # via huggingface-hub
    # via jupyter-events
    # via kubernetes
    # via langchain
    # via langchain-community
    # via langchain-core
    # via transformers
    # via uvicorn
pyzmq==26.2.1
    # via ipykernel
    # via jupyter-client
    # via jupyter-console
    # via jupyter-server
referencing==0.36.2
    # via jsonschema
    # via jsonschema-specifications
    # via jupyter-events
regex==2024.11.6
    # via tiktoken
    # via transformers
requests==2.32.3
    # via huggingface-hub
    # via id
    # via jupyterlab-server
    # via kagglehub
    # via kubernetes
    # via langchain
    # via langchain-community
    # via langsmith
    # via posthog
    # via requests-oauthlib
    # via requests-toolbelt
    # via sigstore
    # via tiktoken
    # via transformers
    # via tuf
requests-oauthlib==2.0.0
    # via kubernetes
requests-toolbelt==1.0.0
    # via langsmith
rfc3161-client==0.1.2
    # via sigstore
rfc3339-validator==0.1.4
    # via jsonschema
    # via jupyter-events
rfc3986-validator==0.1.1
    # via jsonschema
    # via jupyter-events
rfc8785==0.1.4
    # via sigstore
rich==13.9.4
    # via chromadb
    # via sigstore
    # via typer
rpds-py==0.22.3
    # via jsonschema
    # via referencing
rsa==4.9
    # via google-auth
ruff==0.9.4
    # via gradio
safehttpx==0.1.6
    # via gradio
safetensors==0.5.2
    # via transformers
scikit-learn==1.6.1
    # via sentence-transformers
scipy==1.15.1
    # via scikit-learn
    # via sentence-transformers
seaborn==0.13.2
    # via llm-book-recommender
securesystemslib==1.2.0
    # via tuf
semantic-version==2.10.0
    # via gradio
send2trash==1.8.3
    # via jupyter-server
sentence-transformers==3.4.1
    # via llm-book-recommender
shellingham==1.5.4
    # via typer
sigstore==3.6.1
    # via model-signing
sigstore-protobuf-specs==0.3.2
    # via sigstore
sigstore-rekor-types==0.0.18
    # via sigstore
six==1.17.0
    # via kubernetes
    # via posthog
    # via python-dateutil
    # via rfc3339-validator
sniffio==1.3.1
    # via anyio
    # via openai
soupsieve==2.6
    # via beautifulsoup4
sqlalchemy==2.0.37
    # via langchain
    # via langchain-community
stack-data==0.6.3
    # via ipython
starlette==0.45.3
    # via fastapi
    # via gradio
sympy==1.13.3
    # via onnxruntime
    # via torch
tenacity==9.0.0
    # via chromadb
    # via langchain
    # via langchain-community
    # via langchain-core
terminado==0.18.1
    # via jupyter-server
    # via jupyter-server-terminals
threadpoolctl==3.5.0
    # via scikit-learn
tiktoken==0.8.0
    # via langchain-openai
tinycss2==1.4.0
    # via bleach
tokenizers==0.21.0
    # via chromadb
    # via transformers
tomlkit==0.13.2
    # via gradio
torch==2.4.1
    # via sentence-transformers
tornado==6.4.2
    # via ipykernel
    # via jupyter-client
    # via jupyter-server
    # via jupyterlab
    # via notebook
    # via terminado
tqdm==4.67.1
    # via chromadb
    # via huggingface-hub
    # via kagglehub
    # via openai
    # via sentence-transformers
    # via transformers
traitlets==5.14.3
    # via comm
    # via ipykernel
    # via ipython
    # via ipywidgets
    # via jupyter-client
    # via jupyter-console
    # via jupyter-core
    # via jupyter-events
    # via jupyter-server
    # via jupyterlab
    # via matplotlib-inline
    # via nbclient
    # via nbconvert
    # via nbformat
transformers==4.48.2
    # via llm-book-recommender
    # via sentence-transformers
tuf==5.1.0
    # via sigstore
typer==0.15.1
    # via chromadb
    # via gradio
types-python-dateutil==2.9.0.20241206
    # via arrow
typing-extensions==4.12.2
    # via anyio
    # via beautifulsoup4
    # via chromadb
    # via fastapi
    # via gradio
    # via gradio-client
    # via huggingface-hub
    # via ipython
    # via langchain-core
    # via model-signing
    # via openai
    # via opentelemetry-sdk
    # via pydantic
    # via pydantic-core
    # via pyopenssl
    # via referencing
    # via sqlalchemy
    # via torch
    # via typer
    # via typing-inspect
typing-inspect==0.9.0
    # via dataclasses-json
tzdata==2025.1
    # via pandas
uri-template==1.3.0
    # via jsonschema
urllib3==2.3.0
    # via kubernetes
    # via requests
uvicorn==0.34.0
    # via chromadb
    # via gradio
uvloop==0.21.0
    # via uvicorn
watchfiles==1.0.4
    # via uvicorn
wcwidth==0.2.13
    # via prompt-toolkit
webcolors==24.11.1
    # via jsonschema
webencodings==0.5.1
    # via bleach
    # via tinycss2
websocket-client==1.8.0
    # via jupyter-server
    # via kubernetes
websockets==14.2
    # via gradio-client
    # via uvicorn
widgetsnbextension==4.0.13
    # via ipywidgets
wrapt==1.17.2
    # via deprecated
    # via opentelemetry-instrumentation
yarl==1.18.3
    # via aiohttp
zipp==3.21.0
    # via importlib-metadata
zstandard==0.23.0
    # via langsmith
setuptools==75.8.0
    # via jupyterlab
